// !$*UTF8*$!
{
	archiveVersion = 1;
	classes = {
	};
	objectVersion = 56;
	objects = {

/* Begin PBXBuildFile section */
		1183F0DF29D8511B00C9C0F5 /* ReminderApp.swift in Sources */ = {isa = PBXBuildFile; fileRef = 1183F0DE29D8511B00C9C0F5 /* ReminderApp.swift */; };
		1183F0E129D8511B00C9C0F5 /* ContentView.swift in Sources */ = {isa = PBXBuildFile; fileRef = 1183F0E029D8511B00C9C0F5 /* ContentView.swift */; };
		1183F0E329D8511D00C9C0F5 /* Assets.xcassets in Resources */ = {isa = PBXBuildFile; fileRef = 1183F0E229D8511D00C9C0F5 /* Assets.xcassets */; };
		1183F0E729D8511D00C9C0F5 /* Preview Assets.xcassets in Resources */ = {isa = PBXBuildFile; fileRef = 1183F0E629D8511D00C9C0F5 /* Preview Assets.xcassets */; };
		1183F0F129D8511D00C9C0F5 /* ReminderTests.swift in Sources */ = {isa = PBXBuildFile; fileRef = 1183F0F029D8511D00C9C0F5 /* ReminderTests.swift */; };
		1183F0FB29D8511D00C9C0F5 /* ReminderUITests.swift in Sources */ = {isa = PBXBuildFile; fileRef = 1183F0FA29D8511D00C9C0F5 /* ReminderUITests.swift */; };
		1183F0FD29D8511D00C9C0F5 /* ReminderUITestsLaunchTests.swift in Sources */ = {isa = PBXBuildFile; fileRef = 1183F0FC29D8511D00C9C0F5 /* ReminderUITestsLaunchTests.swift */; };
		11B8345029E066DB00F4B4DD /* Component.swift in Sources */ = {isa = PBXBuildFile; fileRef = 11B8344F29E066DB00F4B4DD /* Component.swift */; };
		11B8345229E067C300F4B4DD /* RemindView.swift in Sources */ = {isa = PBXBuildFile; fileRef = 11B8345129E067C300F4B4DD /* RemindView.swift */; };
/* End PBXBuildFile section */

/* Begin PBXContainerItemProxy section */
		1183F0ED29D8511D00C9C0F5 /* PBXContainerItemProxy */ = {
			isa = PBXContainerItemProxy;
			containerPortal = 1183F0D329D8511B00C9C0F5 /* Project object */;
			proxyType = 1;
			remoteGlobalIDString = 1183F0DA29D8511B00C9C0F5;
			remoteInfo = Reminder;
		};
		1183F0F729D8511D00C9C0F5 /* PBXContainerItemProxy */ = {
			isa = PBXContainerItemProxy;
			containerPortal = 1183F0D329D8511B00C9C0F5 /* Project object */;
			proxyType = 1;
			remoteGlobalIDString = 1183F0DA29D8511B00C9C0F5;
			remoteInfo = Reminder;
		};
/* End PBXContainerItemProxy section */

/* Begin PBXFileReference section */
		1183F0DB29D8511B00C9C0F5 /* Reminder.app */ = {isa = PBXFileReference; explicitFileType = wrapper.application; includeInIndex = 0; path = Reminder.app; sourceTree = BUILT_PRODUCTS_DIR; };
		1183F0DE29D8511B00C9C0F5 /* ReminderApp.swift */ = {isa = PBXFileReference; lastKnownFileType = sourcecode.swift; path = ReminderApp.swift; sourceTree = "<group>"; };
		1183F0E029D8511B00C9C0F5 /* ContentView.swift */ = {isa = PBXFileReference; lastKnownFileType = sourcecode.swift; path = ContentView.swift; sourceTree = "<group>"; };
		1183F0E229D8511D00C9C0F5 /* Assets.xcassets */ = {isa = PBXFileReference; lastKnownFileType = folder.assetcatalog; path = Assets.xcassets; sourceTree = "<group>"; };
		1183F0E429D8511D00C9C0F5 /* Reminder.entitlements */ = {isa = PBXFileReference; lastKnownFileType = text.plist.entitlements; path = Reminder.entitlements; sourceTree = "<group>"; };
		1183F0E629D8511D00C9C0F5 /* Preview Assets.xcassets */ = {isa = PBXFileReference; lastKnownFileType = folder.assetcatalog; path = "Preview Assets.xcassets"; sourceTree = "<group>"; };
		1183F0EC29D8511D00C9C0F5 /* ReminderTests.xctest */ = {isa = PBXFileReference; explicitFileType = wrapper.cfbundle; includeInIndex = 0; path = ReminderTests.xctest; sourceTree = BUILT_PRODUCTS_DIR; };
		1183F0F029D8511D00C9C0F5 /* ReminderTests.swift */ = {isa = PBXFileReference; lastKnownFileType = sourcecode.swift; path = ReminderTests.swift; sourceTree = "<group>"; };
		1183F0F629D8511D00C9C0F5 /* ReminderUITests.xctest */ = {isa = PBXFileReference; explicitFileType = wrapper.cfbundle; includeInIndex = 0; path = ReminderUITests.xctest; sourceTree = BUILT_PRODUCTS_DIR; };
		1183F0FA29D8511D00C9C0F5 /* ReminderUITests.swift */ = {isa = PBXFileReference; lastKnownFileType = sourcecode.swift; path = ReminderUITests.swift; sourceTree = "<group>"; };
		1183F0FC29D8511D00C9C0F5 /* ReminderUITestsLaunchTests.swift */ = {isa = PBXFileReference; lastKnownFileType = sourcecode.swift; path = ReminderUITestsLaunchTests.swift; sourceTree = "<group>"; };
		11B8344F29E066DB00F4B4DD /* Component.swift */ = {isa = PBXFileReference; lastKnownFileType = sourcecode.swift; path = Component.swift; sourceTree = "<group>"; };
		11B8345129E067C300F4B4DD /* RemindView.swift */ = {isa = PBXFileReference; lastKnownFileType = sourcecode.swift; path = RemindView.swift; sourceTree = "<group>"; };
/* End PBXFileReference section */

/* Begin PBXFrameworksBuildPhase section */
		1183F0D829D8511B00C9C0F5 /* Frameworks */ = {
			isa = PBXFrameworksBuildPhase;
			buildActionMask = 2147483647;
			files = (
			);
			runOnlyForDeploymentPostprocessing = 0;
		};
		1183F0E929D8511D00C9C0F5 /* Frameworks */ = {
			isa = PBXFrameworksBuildPhase;
			buildActionMask = 2147483647;
			files = (
			);
			runOnlyForDeploymentPostprocessing = 0;
		};
		1183F0F329D8511D00C9C0F5 /* Frameworks */ = {
			isa = PBXFrameworksBuildPhase;
			buildActionMask = 2147483647;
			files = (
			);
			runOnlyForDeploymentPostprocessing = 0;
		};
/* End PBXFrameworksBuildPhase section */

/* Begin PBXGroup section */
		1183F0D229D8511B00C9C0F5 = {
			isa = PBXGroup;
			children = (
				1183F0DD29D8511B00C9C0F5 /* Reminder */,
				1183F0EF29D8511D00C9C0F5 /* ReminderTests */,
				1183F0F929D8511D00C9C0F5 /* ReminderUITests */,
				1183F0DC29D8511B00C9C0F5 /* Products */,
			);
			sourceTree = "<group>";
		};
		1183F0DC29D8511B00C9C0F5 /* Products */ = {
			isa = PBXGroup;
			children = (
				1183F0DB29D8511B00C9C0F5 /* Reminder.app */,
				1183F0EC29D8511D00C9C0F5 /* ReminderTests.xctest */,
				1183F0F629D8511D00C9C0F5 /* ReminderUITests.xctest */,
			);
			name = Products;
			sourceTree = "<group>";
		};
		1183F0DD29D8511B00C9C0F5 /* Reminder */ = {
			isa = PBXGroup;
			children = (
				1183F0DE29D8511B00C9C0F5 /* ReminderApp.swift */,
				1183F0E029D8511B00C9C0F5 /* ContentView.swift */,
				11B8345129E067C300F4B4DD /* RemindView.swift */,
				11B8344E29E066B700F4B4DD /* Component */,
				1183F0E229D8511D00C9C0F5 /* Assets.xcassets */,
				1183F0E429D8511D00C9C0F5 /* Reminder.entitlements */,
				1183F0E529D8511D00C9C0F5 /* Preview Content */,
			);
			path = Reminder;
			sourceTree = "<group>";
		};
		1183F0E529D8511D00C9C0F5 /* Preview Content */ = {
			isa = PBXGroup;
			children = (
				1183F0E629D8511D00C9C0F5 /* Preview Assets.xcassets */,
			);
			path = "Preview Content";
			sourceTree = "<group>";
		};
		1183F0EF29D8511D00C9C0F5 /* ReminderTests */ = {
			isa = PBXGroup;
			children = (
				1183F0F029D8511D00C9C0F5 /* ReminderTests.swift */,
			);
			path = ReminderTests;
			sourceTree = "<group>";
		};
		1183F0F929D8511D00C9C0F5 /* ReminderUITests */ = {
			isa = PBXGroup;
			children = (
				1183F0FA29D8511D00C9C0F5 /* ReminderUITests.swift */,
				1183F0FC29D8511D00C9C0F5 /* ReminderUITestsLaunchTests.swift */,
			);
			path = ReminderUITests;
			sourceTree = "<group>";
		};
		11B8344E29E066B700F4B4DD /* Component */ = {
			isa = PBXGroup;
			children = (
				11B8344F29E066DB00F4B4DD /* Component.swift */,
			);
			path = Component;
			sourceTree = "<group>";
		};
/* End PBXGroup section */

/* Begin PBXNativeTarget section */
		1183F0DA29D8511B00C9C0F5 /* Reminder */ = {
			isa = PBXNativeTarget;
			buildConfigurationList = 1183F10029D8511D00C9C0F5 /* Build configuration list for PBXNativeTarget "Reminder" */;
			buildPhases = (
				1183F0D729D8511B00C9C0F5 /* Sources */,
				1183F0D829D8511B00C9C0F5 /* Frameworks */,
				1183F0D929D8511B00C9C0F5 /* Resources */,
			);
			buildRules = (
			);
			dependencies = (
			);
			name = Reminder;
			productName = Reminder;
			productReference = 1183F0DB29D8511B00C9C0F5 /* Reminder.app */;
			productType = "com.apple.product-type.application";
		};
		1183F0EB29D8511D00C9C0F5 /* ReminderTests */ = {
			isa = PBXNativeTarget;
			buildConfigurationList = 1183F10329D8511D00C9C0F5 /* Build configuration list for PBXNativeTarget "ReminderTests" */;
			buildPhases = (
				1183F0E829D8511D00C9C0F5 /* Sources */,
				1183F0E929D8511D00C9C0F5 /* Frameworks */,
				1183F0EA29D8511D00C9C0F5 /* Resources */,
			);
			buildRules = (
			);
			dependencies = (
				1183F0EE29D8511D00C9C0F5 /* PBXTargetDependency */,
			);
			name = ReminderTests;
			productName = ReminderTests;
			productReference = 1183F0EC29D8511D00C9C0F5 /* ReminderTests.xctest */;
			productType = "com.apple.product-type.bundle.unit-test";
		};
		1183F0F529D8511D00C9C0F5 /* ReminderUITests */ = {
			isa = PBXNativeTarget;
			buildConfigurationList = 1183F10629D8511D00C9C0F5 /* Build configuration list for PBXNativeTarget "ReminderUITests" */;
			buildPhases = (
				1183F0F229D8511D00C9C0F5 /* Sources */,
				1183F0F329D8511D00C9C0F5 /* Frameworks */,
				1183F0F429D8511D00C9C0F5 /* Resources */,
			);
			buildRules = (
			);
			dependencies = (
				1183F0F829D8511D00C9C0F5 /* PBXTargetDependency */,
			);
			name = ReminderUITests;
			productName = ReminderUITests;
			productReference = 1183F0F629D8511D00C9C0F5 /* ReminderUITests.xctest */;
			productType = "com.apple.product-type.bundle.ui-testing";
		};
/* End PBXNativeTarget section */

/* Begin PBXProject section */
		1183F0D329D8511B00C9C0F5 /* Project object */ = {
			isa = PBXProject;
			attributes = {
				BuildIndependentTargetsInParallel = 1;
				LastSwiftUpdateCheck = 1430;
				LastUpgradeCheck = 1430;
				TargetAttributes = {
					1183F0DA29D8511B00C9C0F5 = {
						CreatedOnToolsVersion = 14.3;
					};
					1183F0EB29D8511D00C9C0F5 = {
						CreatedOnToolsVersion = 14.3;
						TestTargetID = 1183F0DA29D8511B00C9C0F5;
					};
					1183F0F529D8511D00C9C0F5 = {
						CreatedOnToolsVersion = 14.3;
						TestTargetID = 1183F0DA29D8511B00C9C0F5;
					};
				};
			};
			buildConfigurationList = 1183F0D629D8511B00C9C0F5 /* Build configuration list for PBXProject "Reminder" */;
			compatibilityVersion = "Xcode 14.0";
			developmentRegion = en;
			hasScannedForEncodings = 0;
			knownRegions = (
				en,
				Base,
			);
			mainGroup = 1183F0D229D8511B00C9C0F5;
			productRefGroup = 1183F0DC29D8511B00C9C0F5 /* Products */;
			projectDirPath = "";
			projectRoot = "";
			targets = (
				1183F0DA29D8511B00C9C0F5 /* Reminder */,
				1183F0EB29D8511D00C9C0F5 /* ReminderTests */,
				1183F0F529D8511D00C9C0F5 /* ReminderUITests */,
			);
		};
/* End PBXProject section */

/* Begin PBXResourcesBuildPhase section */
		1183F0D929D8511B00C9C0F5 /* Resources */ = {
			isa = PBXResourcesBuildPhase;
			buildActionMask = 2147483647;
			files = (
				1183F0E729D8511D00C9C0F5 /* Preview Assets.xcassets in Resources */,
				1183F0E329D8511D00C9C0F5 /* Assets.xcassets in Resources */,
			);
			runOnlyForDeploymentPostprocessing = 0;
		};
		1183F0EA29D8511D00C9C0F5 /* Resources */ = {
			isa = PBXResourcesBuildPhase;
			buildActionMask = 2147483647;
			files = (
			);
			runOnlyForDeploymentPostprocessing = 0;
		};
		1183F0F429D8511D00C9C0F5 /* Resources */ = {
			isa = PBXResourcesBuildPhase;
			buildActionMask = 2147483647;
			files = (
			);
			runOnlyForDeploymentPostprocessing = 0;
		};
/* End PBXResourcesBuildPhase section */

/* Begin PBXSourcesBuildPhase section */
		1183F0D729D8511B00C9C0F5 /* Sources */ = {
			isa = PBXSourcesBuildPhase;
			buildActionMask = 2147483647;
			files = (
				1183F0E129D8511B00C9C0F5 /* ContentView.swift in Sources */,
				11B8345229E067C300F4B4DD /* RemindView.swift in Sources */,
				11B8345029E066DB00F4B4DD /* Component.swift in Sources */,
				1183F0DF29D8511B00C9C0F5 /* ReminderApp.swift in Sources */,
			);
			runOnlyForDeploymentPostprocessing = 0;
		};
		1183F0E829D8511D00C9C0F5 /* Sources */ = {
			isa = PBXSourcesBuildPhase;
			buildActionMask = 2147483647;
			files = (
				1183F0F129D8511D00C9C0F5 /* ReminderTests.swift in Sources */,
			);
			runOnlyForDeploymentPostprocessing = 0;
		};
		1183F0F229D8511D00C9C0F5 /* Sources */ = {
			isa = PBXSourcesBuildPhase;
			buildActionMask = 2147483647;
			files = (
				1183F0FD29D8511D00C9C0F5 /* ReminderUITestsLaunchTests.swift in Sources */,
				1183F0FB29D8511D00C9C0F5 /* ReminderUITests.swift in Sources */,
			);
			runOnlyForDeploymentPostprocessing = 0;
		};
/* End PBXSourcesBuildPhase section */

/* Begin PBXTargetDependency section */
		1183F0EE29D8511D00C9C0F5 /* PBXTargetDependency */ = {
			isa = PBXTargetDependency;
			target = 1183F0DA29D8511B00C9C0F5 /* Reminder */;
			targetProxy = 1183F0ED29D8511D00C9C0F5 /* PBXContainerItemProxy */;
		};
		1183F0F829D8511D00C9C0F5 /* PBXTargetDependency */ = {
			isa = PBXTargetDependency;
			target = 1183F0DA29D8511B00C9C0F5 /* Reminder */;
			targetProxy = 1183F0F729D8511D00C9C0F5 /* PBXContainerItemProxy */;
		};
/* End PBXTargetDependency section */

/* Begin XCBuildConfiguration section */
		1183F0FE29D8511D00C9C0F5 /* Debug */ = {
			isa = XCBuildConfiguration;
			buildSettings = {
				ALWAYS_SEARCH_USER_PATHS = NO;
				CLANG_ANALYZER_NONNULL = YES;
				CLANG_ANALYZER_NUMBER_OBJECT_CONVERSION = YES_AGGRESSIVE;
				CLANG_CXX_LANGUAGE_STANDARD = "gnu++20";
				CLANG_ENABLE_MODULES = YES;
				CLANG_ENABLE_OBJC_ARC = YES;
				CLANG_ENABLE_OBJC_WEAK = YES;
				CLANG_WARN_BLOCK_CAPTURE_AUTORELEASING = YES;
				CLANG_WARN_BOOL_CONVERSION = YES;
				CLANG_WARN_COMMA = YES;
				CLANG_WARN_CONSTANT_CONVERSION = YES;
				CLANG_WARN_DEPRECATED_OBJC_IMPLEMENTATIONS = YES;
				CLANG_WARN_DIRECT_OBJC_ISA_USAGE = YES_ERROR;
				CLANG_WARN_DOCUMENTATION_COMMENTS = YES;
				CLANG_WARN_EMPTY_BODY = YES;
				CLANG_WARN_ENUM_CONVERSION = YES;
				CLANG_WARN_INFINITE_RECURSION = YES;
				CLANG_WARN_INT_CONVERSION = YES;
				CLANG_WARN_NON_LITERAL_NULL_CONVERSION = YES;
				CLANG_WARN_OBJC_IMPLICIT_RETAIN_SELF = YES;
				CLANG_WARN_OBJC_LITERAL_CONVERSION = YES;
				CLANG_WARN_OBJC_ROOT_CLASS = YES_ERROR;
				CLANG_WARN_QUOTED_INCLUDE_IN_FRAMEWORK_HEADER = YES;
				CLANG_WARN_RANGE_LOOP_ANALYSIS = YES;
				CLANG_WARN_STRICT_PROTOTYPES = YES;
				CLANG_WARN_SUSPICIOUS_MOVE = YES;
				CLANG_WARN_UNGUARDED_AVAILABILITY = YES_AGGRESSIVE;
				CLANG_WARN_UNREACHABLE_CODE = YES;
				CLANG_WARN__DUPLICATE_METHOD_MATCH = YES;
				COPY_PHASE_STRIP = NO;
				DEBUG_INFORMATION_FORMAT = dwarf;
				ENABLE_STRICT_OBJC_MSGSEND = YES;
				ENABLE_TESTABILITY = YES;
				GCC_C_LANGUAGE_STANDARD = gnu11;
				GCC_DYNAMIC_NO_PIC = NO;
				GCC_NO_COMMON_BLOCKS = YES;
				GCC_OPTIMIZATION_LEVEL = 0;
				GCC_PREPROCESSOR_DEFINITIONS = (
					"DEBUG=1",
					"$(inherited)",
				);
				GCC_WARN_64_TO_32_BIT_CONVERSION = YES;
				GCC_WARN_ABOUT_RETURN_TYPE = YES_ERROR;
				GCC_WARN_UNDECLARED_SELECTOR = YES;
				GCC_WARN_UNINITIALIZED_AUTOS = YES_AGGRESSIVE;
				GCC_WARN_UNUSED_FUNCTION = YES;
				GCC_WARN_UNUSED_VARIABLE = YES;
				MTL_ENABLE_DEBUG_INFO = INCLUDE_SOURCE;
				MTL_FAST_MATH = YES;
				ONLY_ACTIVE_ARCH = YES;
				SWIFT_ACTIVE_COMPILATION_CONDITIONS = DEBUG;
				SWIFT_OPTIMIZATION_LEVEL = "-Onone";
			};
			name = Debug;
		};
		1183F0FF29D8511D00C9C0F5 /* Release */ = {
			isa = XCBuildConfiguration;
			buildSettings = {
				ALWAYS_SEARCH_USER_PATHS = NO;
				CLANG_ANALYZER_NONNULL = YES;
				CLANG_ANALYZER_NUMBER_OBJECT_CONVERSION = YES_AGGRESSIVE;
				CLANG_CXX_LANGUAGE_STANDARD = "gnu++20";
				CLANG_ENABLE_MODULES = YES;
				CLANG_ENABLE_OBJC_ARC = YES;
				CLANG_ENABLE_OBJC_WEAK = YES;
				CLANG_WARN_BLOCK_CAPTURE_AUTORELEASING = YES;
				CLANG_WARN_BOOL_CONVERSION = YES;
				CLANG_WARN_COMMA = YES;
				CLANG_WARN_CONSTANT_CONVERSION = YES;
				CLANG_WARN_DEPRECATED_OBJC_IMPLEMENTATIONS = YES;
				CLANG_WARN_DIRECT_OBJC_ISA_USAGE = YES_ERROR;
				CLANG_WARN_DOCUMENTATION_COMMENTS = YES;
				CLANG_WARN_EMPTY_BODY = YES;
				CLANG_WARN_ENUM_CONVERSION = YES;
				CLANG_WARN_INFINITE_RECURSION = YES;
				CLANG_WARN_INT_CONVERSION = YES;
				CLANG_WARN_NON_LITERAL_NULL_CONVERSION = YES;
				CLANG_WARN_OBJC_IMPLICIT_RETAIN_SELF = YES;
				CLANG_WARN_OBJC_LITERAL_CONVERSION = YES;
				CLANG_WARN_OBJC_ROOT_CLASS = YES_ERROR;
				CLANG_WARN_QUOTED_INCLUDE_IN_FRAMEWORK_HEADER = YES;
				CLANG_WARN_RANGE_LOOP_ANALYSIS = YES;
				CLANG_WARN_STRICT_PROTOTYPES = YES;
				CLANG_WARN_SUSPICIOUS_MOVE = YES;
				CLANG_WARN_UNGUARDED_AVAILABILITY = YES_AGGRESSIVE;
				CLANG_WARN_UNREACHABLE_CODE = YES;
				CLANG_WARN__DUPLICATE_METHOD_MATCH = YES;
				COPY_PHASE_STRIP = NO;
				DEBUG_INFORMATION_FORMAT = "dwarf-with-dsym";
				ENABLE_NS_ASSERTIONS = NO;
				ENABLE_STRICT_OBJC_MSGSEND = YES;
				GCC_C_LANGUAGE_STANDARD = gnu11;
				GCC_NO_COMMON_BLOCKS = YES;
				GCC_WARN_64_TO_32_BIT_CONVERSION = YES;
				GCC_WARN_ABOUT_RETURN_TYPE = YES_ERROR;
				GCC_WARN_UNDECLARED_SELECTOR = YES;
				GCC_WARN_UNINITIALIZED_AUTOS = YES_AGGRESSIVE;
				GCC_WARN_UNUSED_FUNCTION = YES;
				GCC_WARN_UNUSED_VARIABLE = YES;
				MTL_ENABLE_DEBUG_INFO = NO;
				MTL_FAST_MATH = YES;
				SWIFT_COMPILATION_MODE = wholemodule;
				SWIFT_OPTIMIZATION_LEVEL = "-O";
			};
			name = Release;
		};
		1183F10129D8511D00C9C0F5 /* Debug */ = {
			isa = XCBuildConfiguration;
			buildSettings = {
				ASSETCATALOG_COMPILER_APPICON_NAME = AppIcon;
				ASSETCATALOG_COMPILER_GLOBAL_ACCENT_COLOR_NAME = AccentColor;
				CODE_SIGN_ENTITLEMENTS = Reminder/Reminder.entitlements;
				CODE_SIGN_STYLE = Automatic;
				CURRENT_PROJECT_VERSION = 1;
				DEVELOPMENT_ASSET_PATHS = "\"Reminder/Preview Content\"";
				DEVELOPMENT_TEAM = BQ4GSDY82R;
				ENABLE_HARDENED_RUNTIME = YES;
				ENABLE_PREVIEWS = YES;
				GENERATE_INFOPLIST_FILE = YES;
				"INFOPLIST_KEY_UIApplicationSceneManifest_Generation[sdk=iphoneos*]" = YES;
				"INFOPLIST_KEY_UIApplicationSceneManifest_Generation[sdk=iphonesimulator*]" = YES;
				"INFOPLIST_KEY_UIApplicationSupportsIndirectInputEvents[sdk=iphoneos*]" = YES;
				"INFOPLIST_KEY_UIApplicationSupportsIndirectInputEvents[sdk=iphonesimulator*]" = YES;
				"INFOPLIST_KEY_UILaunchScreen_Generation[sdk=iphoneos*]" = YES;
				"INFOPLIST_KEY_UILaunchScreen_Generation[sdk=iphonesimulator*]" = YES;
				"INFOPLIST_KEY_UIStatusBarStyle[sdk=iphoneos*]" = UIStatusBarStyleDefault;
				"INFOPLIST_KEY_UIStatusBarStyle[sdk=iphonesimulator*]" = UIStatusBarStyleDefault;
				INFOPLIST_KEY_UISupportedInterfaceOrientations_iPad = "UIInterfaceOrientationPortrait UIInterfaceOrientationPortraitUpsideDown UIInterfaceOrientationLandscapeLeft UIInterfaceOrientationLandscapeRight";
				INFOPLIST_KEY_UISupportedInterfaceOrientations_iPhone = "UIInterfaceOrientationPortrait UIInterfaceOrientationLandscapeLeft UIInterfaceOrientationLandscapeRight";
				IPHONEOS_DEPLOYMENT_TARGET = 16.4;
				LD_RUNPATH_SEARCH_PATHS = "@executable_path/Frameworks";
				"LD_RUNPATH_SEARCH_PATHS[sdk=macosx*]" = "@executable_path/../Frameworks";
				MACOSX_DEPLOYMENT_TARGET = 13.2;
				MARKETING_VERSION = 1.0;
				PRODUCT_BUNDLE_IDENTIFIER = Goto.Reminder;
				PRODUCT_NAME = "$(TARGET_NAME)";
				SDKROOT = auto;
				SUPPORTED_PLATFORMS = "iphoneos iphonesimulator macosx";
				SWIFT_EMIT_LOC_STRINGS = YES;
				SWIFT_VERSION = 5.0;
				TARGETED_DEVICE_FAMILY = "1,2";
			};
			name = Debug;
		};
		1183F10229D8511D00C9C0F5 /* Release */ = {
			isa = XCBuildConfiguration;
			buildSettings = {
				ASSETCATALOG_COMPILER_APPICON_NAME = AppIcon;
				ASSETCATALOG_COMPILER_GLOBAL_ACCENT_COLOR_NAME = AccentColor;
				CODE_SIGN_ENTITLEMENTS = Reminder/Reminder.entitlements;
				CODE_SIGN_STYLE = Automatic;
				CURRENT_PROJECT_VERSION = 1;
				DEVELOPMENT_ASSET_PATHS = "\"Reminder/Preview Content\"";
				DEVELOPMENT_TEAM = BQ4GSDY82R;
				ENABLE_HARDENED_RUNTIME = YES;
				ENABLE_PREVIEWS = YES;
				GENERATE_INFOPLIST_FILE = YES;
				"INFOPLIST_KEY_UIApplicationSceneManifest_Generation[sdk=iphoneos*]" = YES;
				"INFOPLIST_KEY_UIApplicationSceneManifest_Generation[sdk=iphonesimulator*]" = YES;
				"INFOPLIST_KEY_UIApplicationSupportsIndirectInputEvents[sdk=iphoneos*]" = YES;
				"INFOPLIST_KEY_UIApplicationSupportsIndirectInputEvents[sdk=iphonesimulator*]" = YES;
				"INFOPLIST_KEY_UILaunchScreen_Generation[sdk=iphoneos*]" = YES;
				"INFOPLIST_KEY_UILaunchScreen_Generation[sdk=iphonesimulator*]" = YES;
				"INFOPLIST_KEY_UIStatusBarStyle[sdk=iphoneos*]" = UIStatusBarStyleDefault;
				"INFOPLIST_KEY_UIStatusBarStyle[sdk=iphonesimulator*]" = UIStatusBarStyleDefault;
				INFOPLIST_KEY_UISupportedInterfaceOrientations_iPad = "UIInterfaceOrientationPortrait UIInterfaceOrientationPortraitUpsideDown UIInterfaceOrientationLandscapeLeft UIInterfaceOrientationLandscapeRight";
				INFOPLIST_KEY_UISupportedInterfaceOrientations_iPhone = "UIInterfaceOrientationPortrait UIInterfaceOrientationLandscapeLeft UIInterfaceOrientationLandscapeRight";
				IPHONEOS_DEPLOYMENT_TARGET = 16.4;
				LD_RUNPATH_SEARCH_PATHS = "@executable_path/Frameworks";
				"LD_RUNPATH_SEARCH_PATHS[sdk=macosx*]" = "@executable_path/../Frameworks";
				MACOSX_DEPLOYMENT_TARGET = 13.2;
				MARKETING_VERSION = 1.0;
				PRODUCT_BUNDLE_IDENTIFIER = Goto.Reminder;
				PRODUCT_NAME = "$(TARGET_NAME)";
				SDKROOT = auto;
				SUPPORTED_PLATFORMS = "iphoneos iphonesimulator macosx";
				SWIFT_EMIT_LOC_STRINGS = YES;
				SWIFT_VERSION = 5.0;
				TARGETED_DEVICE_FAMILY = "1,2";
			};
			name = Release;
		};
		1183F10429D8511D00C9C0F5 /* Debug */ = {
			isa = XCBuildConfiguration;
			buildSettings = {
				ALWAYS_EMBED_SWIFT_STANDARD_LIBRARIES = YES;
				BUNDLE_LOADER = "$(TEST_HOST)";
				CODE_SIGN_STYLE = Automatic;
				CURRENT_PROJECT_VERSION = 1;
				DEVELOPMENT_TEAM = BQ4GSDY82R;
				GENERATE_INFOPLIST_FILE = YES;
				IPHONEOS_DEPLOYMENT_TARGET = 16.4;
				MACOSX_DEPLOYMENT_TARGET = 13.2;
				MARKETING_VERSION = 1.0;
				PRODUCT_BUNDLE_IDENTIFIER = Goto.ReminderTests;
				PRODUCT_NAME = "$(TARGET_NAME)";
				SDKROOT = auto;
				SUPPORTED_PLATFORMS = "iphoneos iphonesimulator macosx";
				SWIFT_EMIT_LOC_STRINGS = NO;
				SWIFT_VERSION = 5.0;
				TARGETED_DEVICE_FAMILY = "1,2";
				TEST_HOST = "$(BUILT_PRODUCTS_DIR)/Reminder.app/$(BUNDLE_EXECUTABLE_FOLDER_PATH)/Reminder";
			};
			name = Debug;
		};
		1183F10529D8511D00C9C0F5 /* Release */ = {
			isa = XCBuildConfiguration;
			buildSettings = {
				ALWAYS_EMBED_SWIFT_STANDARD_LIBRARIES = YES;
				BUNDLE_LOADER = "$(TEST_HOST)";
				CODE_SIGN_STYLE = Automatic;
				CURRENT_PROJECT_VERSION = 1;
				DEVELOPMENT_TEAM = BQ4GSDY82R;
				GENERATE_INFOPLIST_FILE = YES;
				IPHONEOS_DEPLOYMENT_TARGET = 16.4;
				MACOSX_DEPLOYMENT_TARGET = 13.2;
				MARKETING_VERSION = 1.0;
				PRODUCT_BUNDLE_IDENTIFIER = Goto.ReminderTests;
				PRODUCT_NAME = "$(TARGET_NAME)";
				SDKROOT = auto;
				SUPPORTED_PLATFORMS = "iphoneos iphonesimulator macosx";
				SWIFT_EMIT_LOC_STRINGS = NO;
				SWIFT_VERSION = 5.0;
				TARGETED_DEVICE_FAMILY = "1,2";
				TEST_HOST = "$(BUILT_PRODUCTS_DIR)/Reminder.app/$(BUNDLE_EXECUTABLE_FOLDER_PATH)/Reminder";
			};
			name = Release;
		};
		1183F10729D8511D00C9C0F5 /* Debug */ = {
			isa = XCBuildConfiguration;
			buildSettings = {
				ALWAYS_EMBED_SWIFT_STANDARD_LIBRARIES = YES;
				CODE_SIGN_STYLE = Automatic;
				CURRENT_PROJECT_VERSION = 1;
				DEVELOPMENT_TEAM = BQ4GSDY82R;
				GENERATE_INFOPLIST_FILE = YES;
				IPHONEOS_DEPLOYMENT_TARGET = 16.4;
				MACOSX_DEPLOYMENT_TARGET = 13.2;
				MARKETING_VERSION = 1.0;
				PRODUCT_BUNDLE_IDENTIFIER = Goto.ReminderUITests;
				PRODUCT_NAME = "$(TARGET_NAME)";
				SDKROOT = auto;
				SUPPORTED_PLATFORMS = "iphoneos iphonesimulator macosx";
				SWIFT_EMIT_LOC_STRINGS = NO;
				SWIFT_VERSION = 5.0;
				TARGETED_DEVICE_FAMILY = "1,2";
				TEST_TARGET_NAME = Reminder;
			};
			name = Debug;
		};
		1183F10829D8511D00C9C0F5 /* Release */ = {
			isa = XCBuildConfiguration;
			buildSettings = {
				ALWAYS_EMBED_SWIFT_STANDARD_LIBRARIES = YES;
				CODE_SIGN_STYLE = Automatic;
				CURRENT_PROJECT_VERSION = 1;
				DEVELOPMENT_TEAM = BQ4GSDY82R;
				GENERATE_INFOPLIST_FILE = YES;
				IPHONEOS_DEPLOYMENT_TARGET = 16.4;
				MACOSX_DEPLOYMENT_TARGET = 13.2;
				MARKETING_VERSION = 1.0;
				PRODUCT_BUNDLE_IDENTIFIER = Goto.ReminderUITests;
				PRODUCT_NAME = "$(TARGET_NAME)";
				SDKROOT = auto;
				SUPPORTED_PLATFORMS = "iphoneos iphonesimulator macosx";
				SWIFT_EMIT_LOC_STRINGS = NO;
				SWIFT_VERSION = 5.0;
				TARGETED_DEVICE_FAMILY = "1,2";
				TEST_TARGET_NAME = Reminder;
			};
			name = Release;
		};
/* End XCBuildConfiguration section */

/* Begin XCConfigurationList section */
		1183F0D629D8511B00C9C0F5 /* Build configuration list for PBXProject "Reminder" */ = {
			isa = XCConfigurationList;
			buildConfigurations = (
				1183F0FE29D8511D00C9C0F5 /* Debug */,
				1183F0FF29D8511D00C9C0F5 /* Release */,
			);
			defaultConfigurationIsVisible = 0;
			defaultConfigurationName = Release;
		};
		1183F10029D8511D00C9C0F5 /* Build configuration list for PBXNativeTarget "Reminder" */ = {
			isa = XCConfigurationList;
			buildConfigurations = (
				1183F10129D8511D00C9C0F5 /* Debug */,
				1183F10229D8511D00C9C0F5 /* Release */,
			);
			defaultConfigurationIsVisible = 0;
			defaultConfigurationName = Release;
		};
		1183F10329D8511D00C9C0F5 /* Build configuration list for PBXNativeTarget "ReminderTests" */ = {
			isa = XCConfigurationList;
			buildConfigurations = (
				1183F10429D8511D00C9C0F5 /* Debug */,
				1183F10529D8511D00C9C0F5 /* Release */,
			);
			defaultConfigurationIsVisible = 0;
			defaultConfigurationName = Release;
		};
		1183F10629D8511D00C9C0F5 /* Build configuration list for PBXNativeTarget "ReminderUITests" */ = {
			isa = XCConfigurationList;
			buildConfigurations = (
				1183F10729D8511D00C9C0F5 /* Debug */,
				1183F10829D8511D00C9C0F5 /* Release */,
			);
			defaultConfigurationIsVisible = 0;
			defaultConfigurationName = Release;
		};
/* End XCConfigurationList section */
	};
	rootObject = 1183F0D329D8511B00C9C0F5 /* Project object */;
}
